{
  "object": {
    "pins": [
      {
        "package": "CocoaAsyncSocket",
        "repositoryURL": "https://github.com/robbiehanson/CocoaAsyncSocket.git",
        "state": {
          "branch": null,
          "revision": "dbdc00669c1ced63b27c3c5f052ee4d28f10150c",
          "version": "7.6.5"
        }
      },
      {
        "package": "CocoaLumberjack",
        "repositoryURL": "https://github.com/CocoaLumberjack/CocoaLumberjack.git",
        "state": {
          "branch": null,
          "revision": "4b8714a7fb84d42393314ce897127b3939885ec3",
          "version": "3.8.5"
        }
      },
      {
        "package": "OpenSSL",
        "repositoryURL": "https://github.com/krzyzanowskim/OpenSSL-Package",
        "state": {
          "branch": null,
          "revision": "2bc69692f9f9967f298ca768f26ed85b0cb08788",
          "version": "3.3.3000"
        }
      },
      {
        "package": "Opus-iOS",
        "repositoryURL": "https://github.com/zelloptt/Opus-iOS",
        "state": {
          "branch": null,
          "revision": "fbebf3aa8f49d9dcc2b210524e9dc214d92402f9",
          "version": "1.0.4"
        }
      },
      {
        "package": "PhoneNumberKit",
        "repositoryURL": "https://github.com/marmelroy/PhoneNumberKit",
        "state": {
          "branch": null,
          "revision": "c107075aa8d394be7aced273a46e944afe8b321b",
          "version": "3.8.0"
        }
      },
      {
        "package": "Promises",
        "repositoryURL": "https://github.com/google/promises",
        "state": {
          "branch": null,
          "revision": "540318ecedd63d883069ae7f1ed811a2df00b6ac",
          "version": "2.4.0"
        }
      },
      {
        "package": "SDWebImage",
        "repositoryURL": "https://github.com/SDWebImage/SDWebImage.git",
        "state": {
          "branch": null,
          "revision": "cac9a55a3ae92478a2c95042dcc8d9695d2129ca",
          "version": "5.21.0"
        }
      },
      {
        "package": "SnowplowTracker",
        "repositoryURL": "https://github.com/snowplow/snowplow-objc-tracker.git",
        "state": {
          "branch": null,
          "revision": "3872d6f2e0886a171c388f7b35c52e3ff5f89c0a",
          "version": "6.2.0"
        }
      },
      {
        "package": "swift-log",
        "repositoryURL": "https://github.com/apple/swift-log",
        "state": {
          "branch": null,
          "revision": "3d8596ed08bd13520157f0355e35caed215ffbfa",
          "version": "1.6.3"
        }
      }
    ]
  },
  "version": 1
}
